// !$*UTF8*$!
{
	archiveVersion = 1;
	classes = {
	};
	objectVersion = 56;
	objects = {

/* Begin PBXBuildFile section */
		BA0AD5B72AB6C99000750AF5 /* CompoundImageVolumetric.swift in Sources */ = {isa = PBXBuildFile; fileRef = BA0AD5B62AB6C99000750AF5 /* CompoundImageVolumetric.swift */; };
		BA3E808A2A92E00100A6E666 /* SingleImageRealityView.swift in Sources */ = {isa = PBXBuildFile; fileRef = BA3E80892A92E00100A6E666 /* SingleImageRealityView.swift */; };
		BA55837B2B0AC0A500C1E264 /* ManifestListView.swift in Sources */ = {isa = PBXBuildFile; fileRef = BA55837A2B0AC0A500C1E264 /* ManifestListView.swift */; };
		BA55837F2B0ACD1D00C1E264 /* AppState.swift in Sources */ = {isa = PBXBuildFile; fileRef = BA55837E2B0ACD1D00C1E264 /* AppState.swift */; };
		BA5583842B0AD50700C1E264 /* News-4.jpg in Resources */ = {isa = PBXBuildFile; fileRef = BA5583802B0AD50700C1E264 /* News-4.jpg */; };
		BA5583852B0AD50700C1E264 /* News-1.jpg in Resources */ = {isa = PBXBuildFile; fileRef = BA5583812B0AD50700C1E264 /* News-1.jpg */; };
		BA5583862B0AD50700C1E264 /* News-2.jpg in Resources */ = {isa = PBXBuildFile; fileRef = BA5583822B0AD50700C1E264 /* News-2.jpg */; };
		BA5583872B0AD50700C1E264 /* News-3.jpg in Resources */ = {isa = PBXBuildFile; fileRef = BA5583832B0AD50700C1E264 /* News-3.jpg */; };
		BA7C051D2AABF2890043398D /* IIIFImageEntity in Frameworks */ = {isa = PBXBuildFile; productRef = BA7C051C2AABF2890043398D /* IIIFImageEntity */; };
		BA966FBE2A92DAA400E2CABC /* IIIFVisionARApp.swift in Sources */ = {isa = PBXBuildFile; fileRef = BA966FBD2A92DAA400E2CABC /* IIIFVisionARApp.swift */; };
		BA966FC02A92DAA400E2CABC /* ManifestContentView.swift in Sources */ = {isa = PBXBuildFile; fileRef = BA966FBF2A92DAA400E2CABC /* ManifestContentView.swift */; };
		BA966FC22A92DAA700E2CABC /* Assets.xcassets in Resources */ = {isa = PBXBuildFile; fileRef = BA966FC12A92DAA700E2CABC /* Assets.xcassets */; };
		BA966FC62A92DAA700E2CABC /* Preview Assets.xcassets in Resources */ = {isa = PBXBuildFile; fileRef = BA966FC52A92DAA700E2CABC /* Preview Assets.xcassets */; };
		BAC922922A95CCD20028DE56 /* Love-4.jpg in Resources */ = {isa = PBXBuildFile; fileRef = BAC9228A2A95CCD20028DE56 /* Love-4.jpg */; };
		BAC922932A95CCD20028DE56 /* Love-5.jpg in Resources */ = {isa = PBXBuildFile; fileRef = BAC9228B2A95CCD20028DE56 /* Love-5.jpg */; };
		BAC922942A95CCD20028DE56 /* Love-8.jpg in Resources */ = {isa = PBXBuildFile; fileRef = BAC9228C2A95CCD20028DE56 /* Love-8.jpg */; };
		BAC922952A95CCD20028DE56 /* Love-1.jpg in Resources */ = {isa = PBXBuildFile; fileRef = BAC9228D2A95CCD20028DE56 /* Love-1.jpg */; };
		BAC922962A95CCD20028DE56 /* Love-3.jpg in Resources */ = {isa = PBXBuildFile; fileRef = BAC9228E2A95CCD20028DE56 /* Love-3.jpg */; };
		BAC922972A95CCD20028DE56 /* Love-2.jpg in Resources */ = {isa = PBXBuildFile; fileRef = BAC9228F2A95CCD20028DE56 /* Love-2.jpg */; };
		BAC922982A95CCD20028DE56 /* Love-6.jpg in Resources */ = {isa = PBXBuildFile; fileRef = BAC922902A95CCD20028DE56 /* Love-6.jpg */; };
		BAC922992A95CCD20028DE56 /* Love-7.jpg in Resources */ = {isa = PBXBuildFile; fileRef = BAC922912A95CCD20028DE56 /* Love-7.jpg */; };
		BAD1A7D62A94777700DFDA32 /* CompoundImageRealityView.swift in Sources */ = {isa = PBXBuildFile; fileRef = BAD1A7D52A94777700DFDA32 /* CompoundImageRealityView.swift */; };
		BADC1AB42A9303C4000BD966 /* Hollywood.jpg in Resources */ = {isa = PBXBuildFile; fileRef = BADC1AB32A9303C4000BD966 /* Hollywood.jpg */; };
/* End PBXBuildFile section */

/* Begin PBXFileReference section */
		BA0AD5B62AB6C99000750AF5 /* CompoundImageVolumetric.swift */ = {isa = PBXFileReference; lastKnownFileType = sourcecode.swift; path = CompoundImageVolumetric.swift; sourceTree = "<group>"; };
		BA3E80892A92E00100A6E666 /* SingleImageRealityView.swift */ = {isa = PBXFileReference; lastKnownFileType = sourcecode.swift; path = SingleImageRealityView.swift; sourceTree = "<group>"; };
		BA4D1D492AABF223006098B8 /* IIIFImageEntity */ = {isa = PBXFileReference; lastKnownFileType = wrapper; path = IIIFImageEntity; sourceTree = "<group>"; };
		BA55837A2B0AC0A500C1E264 /* ManifestListView.swift */ = {isa = PBXFileReference; lastKnownFileType = sourcecode.swift; path = ManifestListView.swift; sourceTree = "<group>"; };
		BA55837E2B0ACD1D00C1E264 /* AppState.swift */ = {isa = PBXFileReference; lastKnownFileType = sourcecode.swift; path = AppState.swift; sourceTree = "<group>"; };
		BA5583802B0AD50700C1E264 /* News-4.jpg */ = {isa = PBXFileReference; lastKnownFileType = image.jpeg; path = "News-4.jpg"; sourceTree = "<group>"; };
		BA5583812B0AD50700C1E264 /* News-1.jpg */ = {isa = PBXFileReference; lastKnownFileType = image.jpeg; path = "News-1.jpg"; sourceTree = "<group>"; };
		BA5583822B0AD50700C1E264 /* News-2.jpg */ = {isa = PBXFileReference; lastKnownFileType = image.jpeg; path = "News-2.jpg"; sourceTree = "<group>"; };
		BA5583832B0AD50700C1E264 /* News-3.jpg */ = {isa = PBXFileReference; lastKnownFileType = image.jpeg; path = "News-3.jpg"; sourceTree = "<group>"; };
		BA966FBA2A92DAA400E2CABC /* IIIFVisionAR.app */ = {isa = PBXFileReference; explicitFileType = wrapper.application; includeInIndex = 0; path = IIIFVisionAR.app; sourceTree = BUILT_PRODUCTS_DIR; };
		BA966FBD2A92DAA400E2CABC /* IIIFVisionARApp.swift */ = {isa = PBXFileReference; lastKnownFileType = sourcecode.swift; path = IIIFVisionARApp.swift; sourceTree = "<group>"; };
		BA966FBF2A92DAA400E2CABC /* ManifestContentView.swift */ = {isa = PBXFileReference; lastKnownFileType = sourcecode.swift; path = ManifestContentView.swift; sourceTree = "<group>"; };
		BA966FC12A92DAA700E2CABC /* Assets.xcassets */ = {isa = PBXFileReference; lastKnownFileType = folder.assetcatalog; path = Assets.xcassets; sourceTree = "<group>"; };
		BA966FC32A92DAA700E2CABC /* IIIFVisionAR.entitlements */ = {isa = PBXFileReference; lastKnownFileType = text.plist.entitlements; path = IIIFVisionAR.entitlements; sourceTree = "<group>"; };
		BA966FC52A92DAA700E2CABC /* Preview Assets.xcassets */ = {isa = PBXFileReference; lastKnownFileType = folder.assetcatalog; path = "Preview Assets.xcassets"; sourceTree = "<group>"; };
		BAC9228A2A95CCD20028DE56 /* Love-4.jpg */ = {isa = PBXFileReference; lastKnownFileType = image.jpeg; path = "Love-4.jpg"; sourceTree = "<group>"; };
		BAC9228B2A95CCD20028DE56 /* Love-5.jpg */ = {isa = PBXFileReference; lastKnownFileType = image.jpeg; path = "Love-5.jpg"; sourceTree = "<group>"; };
		BAC9228C2A95CCD20028DE56 /* Love-8.jpg */ = {isa = PBXFileReference; lastKnownFileType = image.jpeg; path = "Love-8.jpg"; sourceTree = "<group>"; };
		BAC9228D2A95CCD20028DE56 /* Love-1.jpg */ = {isa = PBXFileReference; lastKnownFileType = image.jpeg; path = "Love-1.jpg"; sourceTree = "<group>"; };
		BAC9228E2A95CCD20028DE56 /* Love-3.jpg */ = {isa = PBXFileReference; lastKnownFileType = image.jpeg; path = "Love-3.jpg"; sourceTree = "<group>"; };
		BAC9228F2A95CCD20028DE56 /* Love-2.jpg */ = {isa = PBXFileReference; lastKnownFileType = image.jpeg; path = "Love-2.jpg"; sourceTree = "<group>"; };
		BAC922902A95CCD20028DE56 /* Love-6.jpg */ = {isa = PBXFileReference; lastKnownFileType = image.jpeg; path = "Love-6.jpg"; sourceTree = "<group>"; };
		BAC922912A95CCD20028DE56 /* Love-7.jpg */ = {isa = PBXFileReference; lastKnownFileType = image.jpeg; path = "Love-7.jpg"; sourceTree = "<group>"; };
		BAD1A7D52A94777700DFDA32 /* CompoundImageRealityView.swift */ = {isa = PBXFileReference; lastKnownFileType = sourcecode.swift; path = CompoundImageRealityView.swift; sourceTree = "<group>"; };
		BADC1AB32A9303C4000BD966 /* Hollywood.jpg */ = {isa = PBXFileReference; lastKnownFileType = image.jpeg; path = Hollywood.jpg; sourceTree = "<group>"; };
/* End PBXFileReference section */

/* Begin PBXFrameworksBuildPhase section */
		BA966FB72A92DAA400E2CABC /* Frameworks */ = {
			isa = PBXFrameworksBuildPhase;
			buildActionMask = 2147483647;
			files = (
				BA7C051D2AABF2890043398D /* IIIFImageEntity in Frameworks */,
			);
			runOnlyForDeploymentPostprocessing = 0;
		};
/* End PBXFrameworksBuildPhase section */

/* Begin PBXGroup section */
		BA4D1D452AABEDA7006098B8 /* Frameworks */ = {
			isa = PBXGroup;
			children = (
			);
			name = Frameworks;
			sourceTree = "<group>";
		};
		BA966FB12A92DAA400E2CABC = {
			isa = PBXGroup;
			children = (
				BA4D1D492AABF223006098B8 /* IIIFImageEntity */,
				BA966FBC2A92DAA400E2CABC /* IIIFVisionAR */,
				BA966FBB2A92DAA400E2CABC /* Products */,
				BA4D1D452AABEDA7006098B8 /* Frameworks */,
			);
			sourceTree = "<group>";
		};
		BA966FBB2A92DAA400E2CABC /* Products */ = {
			isa = PBXGroup;
			children = (
				BA966FBA2A92DAA400E2CABC /* IIIFVisionAR.app */,
			);
			name = Products;
			sourceTree = "<group>";
		};
		BA966FBC2A92DAA400E2CABC /* IIIFVisionAR */ = {
			isa = PBXGroup;
			children = (
				BA966FBD2A92DAA400E2CABC /* IIIFVisionARApp.swift */,
				BA55837E2B0ACD1D00C1E264 /* AppState.swift */,
				BA55837A2B0AC0A500C1E264 /* ManifestListView.swift */,
				BA966FBF2A92DAA400E2CABC /* ManifestContentView.swift */,
				BAC922802A95C4850028DE56 /* RealityView */,
				BAC922812A95C61F0028DE56 /* Samples */,
				BA966FC12A92DAA700E2CABC /* Assets.xcassets */,
				BA966FC32A92DAA700E2CABC /* IIIFVisionAR.entitlements */,
				BA966FC42A92DAA700E2CABC /* Preview Content */,
			);
			path = IIIFVisionAR;
			sourceTree = "<group>";
		};
		BA966FC42A92DAA700E2CABC /* Preview Content */ = {
			isa = PBXGroup;
			children = (
				BA966FC52A92DAA700E2CABC /* Preview Assets.xcassets */,
			);
			path = "Preview Content";
			sourceTree = "<group>";
		};
		BAC922802A95C4850028DE56 /* RealityView */ = {
			isa = PBXGroup;
			children = (
				BA3E80892A92E00100A6E666 /* SingleImageRealityView.swift */,
				BAD1A7D52A94777700DFDA32 /* CompoundImageRealityView.swift */,
				BA0AD5B62AB6C99000750AF5 /* CompoundImageVolumetric.swift */,
			);
			path = RealityView;
			sourceTree = "<group>";
		};
		BAC922812A95C61F0028DE56 /* Samples */ = {
			isa = PBXGroup;
			children = (
				BADC1AB32A9303C4000BD966 /* Hollywood.jpg */,
				BAC9228D2A95CCD20028DE56 /* Love-1.jpg */,
				BAC9228F2A95CCD20028DE56 /* Love-2.jpg */,
				BAC9228E2A95CCD20028DE56 /* Love-3.jpg */,
				BAC9228A2A95CCD20028DE56 /* Love-4.jpg */,
				BAC9228B2A95CCD20028DE56 /* Love-5.jpg */,
				BAC922902A95CCD20028DE56 /* Love-6.jpg */,
				BAC922912A95CCD20028DE56 /* Love-7.jpg */,
				BAC9228C2A95CCD20028DE56 /* Love-8.jpg */,
				BA5583812B0AD50700C1E264 /* News-1.jpg */,
				BA5583822B0AD50700C1E264 /* News-2.jpg */,
				BA5583832B0AD50700C1E264 /* News-3.jpg */,
				BA5583802B0AD50700C1E264 /* News-4.jpg */,
			);
			path = Samples;
			sourceTree = "<group>";
		};
/* End PBXGroup section */

/* Begin PBXNativeTarget section */
		BA966FB92A92DAA400E2CABC /* IIIFVisionAR */ = {
			isa = PBXNativeTarget;
			buildConfigurationList = BA966FC92A92DAA700E2CABC /* Build configuration list for PBXNativeTarget "IIIFVisionAR" */;
			buildPhases = (
				BA966FB62A92DAA400E2CABC /* Sources */,
				BA966FB72A92DAA400E2CABC /* Frameworks */,
				BA966FB82A92DAA400E2CABC /* Resources */,
			);
			buildRules = (
			);
			dependencies = (
			);
			name = IIIFVisionAR;
			packageProductDependencies = (
				BA7C051C2AABF2890043398D /* IIIFImageEntity */,
			);
			productName = IIIFVisionAR;
			productReference = BA966FBA2A92DAA400E2CABC /* IIIFVisionAR.app */;
			productType = "com.apple.product-type.application";
		};
/* End PBXNativeTarget section */

/* Begin PBXProject section */
		BA966FB22A92DAA400E2CABC /* Project object */ = {
			isa = PBXProject;
			attributes = {
				BuildIndependentTargetsInParallel = 1;
				LastSwiftUpdateCheck = 1500;
				LastUpgradeCheck = 1500;
				TargetAttributes = {
					BA966FB92A92DAA400E2CABC = {
						CreatedOnToolsVersion = 15.0;
					};
				};
			};
			buildConfigurationList = BA966FB52A92DAA400E2CABC /* Build configuration list for PBXProject "IIIFVisionAR" */;
			compatibilityVersion = "Xcode 14.0";
			developmentRegion = en;
			hasScannedForEncodings = 0;
			knownRegions = (
				en,
				Base,
			);
			mainGroup = BA966FB12A92DAA400E2CABC;
			productRefGroup = BA966FBB2A92DAA400E2CABC /* Products */;
			projectDirPath = "";
			projectRoot = "";
			targets = (
				BA966FB92A92DAA400E2CABC /* IIIFVisionAR */,
			);
		};
/* End PBXProject section */

/* Begin PBXResourcesBuildPhase section */
		BA966FB82A92DAA400E2CABC /* Resources */ = {
			isa = PBXResourcesBuildPhase;
			buildActionMask = 2147483647;
			files = (
				BAC922942A95CCD20028DE56 /* Love-8.jpg in Resources */,
				BAC922922A95CCD20028DE56 /* Love-4.jpg in Resources */,
				BAC922982A95CCD20028DE56 /* Love-6.jpg in Resources */,
				BA5583872B0AD50700C1E264 /* News-3.jpg in Resources */,
				BA5583862B0AD50700C1E264 /* News-2.jpg in Resources */,
				BA966FC62A92DAA700E2CABC /* Preview Assets.xcassets in Resources */,
				BAC922962A95CCD20028DE56 /* Love-3.jpg in Resources */,
				BAC922992A95CCD20028DE56 /* Love-7.jpg in Resources */,
				BA966FC22A92DAA700E2CABC /* Assets.xcassets in Resources */,
				BAC922932A95CCD20028DE56 /* Love-5.jpg in Resources */,
				BAC922972A95CCD20028DE56 /* Love-2.jpg in Resources */,
				BADC1AB42A9303C4000BD966 /* Hollywood.jpg in Resources */,
				BAC922952A95CCD20028DE56 /* Love-1.jpg in Resources */,
				BA5583842B0AD50700C1E264 /* News-4.jpg in Resources */,
				BA5583852B0AD50700C1E264 /* News-1.jpg in Resources */,
			);
			runOnlyForDeploymentPostprocessing = 0;
		};
/* End PBXResourcesBuildPhase section */

/* Begin PBXSourcesBuildPhase section */
		BA966FB62A92DAA400E2CABC /* Sources */ = {
			isa = PBXSourcesBuildPhase;
			buildActionMask = 2147483647;
			files = (
				BA3E808A2A92E00100A6E666 /* SingleImageRealityView.swift in Sources */,
				BA55837B2B0AC0A500C1E264 /* ManifestListView.swift in Sources */,
				BA55837F2B0ACD1D00C1E264 /* AppState.swift in Sources */,
				BA966FC02A92DAA400E2CABC /* ManifestContentView.swift in Sources */,
				BAD1A7D62A94777700DFDA32 /* CompoundImageRealityView.swift in Sources */,
				BA966FBE2A92DAA400E2CABC /* IIIFVisionARApp.swift in Sources */,
				BA0AD5B72AB6C99000750AF5 /* CompoundImageVolumetric.swift in Sources */,
			);
			runOnlyForDeploymentPostprocessing = 0;
		};
/* End PBXSourcesBuildPhase section */

/* Begin XCBuildConfiguration section */
		BA966FC72A92DAA700E2CABC /* Debug */ = {
			isa = XCBuildConfiguration;
			buildSettings = {
				ALWAYS_SEARCH_USER_PATHS = NO;
				ASSETCATALOG_COMPILER_GENERATE_SWIFT_ASSET_SYMBOL_EXTENSIONS = YES;
				CLANG_ANALYZER_NONNULL = YES;
				CLANG_ANALYZER_NUMBER_OBJECT_CONVERSION = YES_AGGRESSIVE;
				CLANG_CXX_LANGUAGE_STANDARD = "gnu++20";
				CLANG_ENABLE_MODULES = YES;
				CLANG_ENABLE_OBJC_ARC = YES;
				CLANG_ENABLE_OBJC_WEAK = YES;
				CLANG_WARN_BLOCK_CAPTURE_AUTORELEASING = YES;
				CLANG_WARN_BOOL_CONVERSION = YES;
				CLANG_WARN_COMMA = YES;
				CLANG_WARN_CONSTANT_CONVERSION = YES;
				CLANG_WARN_DEPRECATED_OBJC_IMPLEMENTATIONS = YES;
				CLANG_WARN_DIRECT_OBJC_ISA_USAGE = YES_ERROR;
				CLANG_WARN_DOCUMENTATION_COMMENTS = YES;
				CLANG_WARN_EMPTY_BODY = YES;
				CLANG_WARN_ENUM_CONVERSION = YES;
				CLANG_WARN_INFINITE_RECURSION = YES;
				CLANG_WARN_INT_CONVERSION = YES;
				CLANG_WARN_NON_LITERAL_NULL_CONVERSION = YES;
				CLANG_WARN_OBJC_IMPLICIT_RETAIN_SELF = YES;
				CLANG_WARN_OBJC_LITERAL_CONVERSION = YES;
				CLANG_WARN_OBJC_ROOT_CLASS = YES_ERROR;
				CLANG_WARN_QUOTED_INCLUDE_IN_FRAMEWORK_HEADER = YES;
				CLANG_WARN_RANGE_LOOP_ANALYSIS = YES;
				CLANG_WARN_STRICT_PROTOTYPES = YES;
				CLANG_WARN_SUSPICIOUS_MOVE = YES;
				CLANG_WARN_UNGUARDED_AVAILABILITY = YES_AGGRESSIVE;
				CLANG_WARN_UNREACHABLE_CODE = YES;
				CLANG_WARN__DUPLICATE_METHOD_MATCH = YES;
				COPY_PHASE_STRIP = NO;
				DEBUG_INFORMATION_FORMAT = dwarf;
				ENABLE_STRICT_OBJC_MSGSEND = YES;
				ENABLE_TESTABILITY = YES;
				ENABLE_USER_SCRIPT_SANDBOXING = YES;
				GCC_C_LANGUAGE_STANDARD = gnu17;
				GCC_DYNAMIC_NO_PIC = NO;
				GCC_NO_COMMON_BLOCKS = YES;
				GCC_OPTIMIZATION_LEVEL = 0;
				GCC_PREPROCESSOR_DEFINITIONS = (
					"DEBUG=1",
					"$(inherited)",
				);
				GCC_WARN_64_TO_32_BIT_CONVERSION = YES;
				GCC_WARN_ABOUT_RETURN_TYPE = YES_ERROR;
				GCC_WARN_UNDECLARED_SELECTOR = YES;
				GCC_WARN_UNINITIALIZED_AUTOS = YES_AGGRESSIVE;
				GCC_WARN_UNUSED_FUNCTION = YES;
				GCC_WARN_UNUSED_VARIABLE = YES;
				LOCALIZATION_PREFERS_STRING_CATALOGS = YES;
				MTL_ENABLE_DEBUG_INFO = INCLUDE_SOURCE;
				MTL_FAST_MATH = YES;
				ONLY_ACTIVE_ARCH = YES;
				SWIFT_ACTIVE_COMPILATION_CONDITIONS = "DEBUG $(inherited)";
				SWIFT_OPTIMIZATION_LEVEL = "-Onone";
			};
			name = Debug;
		};
		BA966FC82A92DAA700E2CABC /* Release */ = {
			isa = XCBuildConfiguration;
			buildSettings = {
				ALWAYS_SEARCH_USER_PATHS = NO;
				ASSETCATALOG_COMPILER_GENERATE_SWIFT_ASSET_SYMBOL_EXTENSIONS = YES;
				CLANG_ANALYZER_NONNULL = YES;
				CLANG_ANALYZER_NUMBER_OBJECT_CONVERSION = YES_AGGRESSIVE;
				CLANG_CXX_LANGUAGE_STANDARD = "gnu++20";
				CLANG_ENABLE_MODULES = YES;
				CLANG_ENABLE_OBJC_ARC = YES;
				CLANG_ENABLE_OBJC_WEAK = YES;
				CLANG_WARN_BLOCK_CAPTURE_AUTORELEASING = YES;
				CLANG_WARN_BOOL_CONVERSION = YES;
				CLANG_WARN_COMMA = YES;
				CLANG_WARN_CONSTANT_CONVERSION = YES;
				CLANG_WARN_DEPRECATED_OBJC_IMPLEMENTATIONS = YES;
				CLANG_WARN_DIRECT_OBJC_ISA_USAGE = YES_ERROR;
				CLANG_WARN_DOCUMENTATION_COMMENTS = YES;
				CLANG_WARN_EMPTY_BODY = YES;
				CLANG_WARN_ENUM_CONVERSION = YES;
				CLANG_WARN_INFINITE_RECURSION = YES;
				CLANG_WARN_INT_CONVERSION = YES;
				CLANG_WARN_NON_LITERAL_NULL_CONVERSION = YES;
				CLANG_WARN_OBJC_IMPLICIT_RETAIN_SELF = YES;
				CLANG_WARN_OBJC_LITERAL_CONVERSION = YES;
				CLANG_WARN_OBJC_ROOT_CLASS = YES_ERROR;
				CLANG_WARN_QUOTED_INCLUDE_IN_FRAMEWORK_HEADER = YES;
				CLANG_WARN_RANGE_LOOP_ANALYSIS = YES;
				CLANG_WARN_STRICT_PROTOTYPES = YES;
				CLANG_WARN_SUSPICIOUS_MOVE = YES;
				CLANG_WARN_UNGUARDED_AVAILABILITY = YES_AGGRESSIVE;
				CLANG_WARN_UNREACHABLE_CODE = YES;
				CLANG_WARN__DUPLICATE_METHOD_MATCH = YES;
				COPY_PHASE_STRIP = NO;
				DEBUG_INFORMATION_FORMAT = "dwarf-with-dsym";
				ENABLE_NS_ASSERTIONS = NO;
				ENABLE_STRICT_OBJC_MSGSEND = YES;
				ENABLE_USER_SCRIPT_SANDBOXING = YES;
				GCC_C_LANGUAGE_STANDARD = gnu17;
				GCC_NO_COMMON_BLOCKS = YES;
				GCC_WARN_64_TO_32_BIT_CONVERSION = YES;
				GCC_WARN_ABOUT_RETURN_TYPE = YES_ERROR;
				GCC_WARN_UNDECLARED_SELECTOR = YES;
				GCC_WARN_UNINITIALIZED_AUTOS = YES_AGGRESSIVE;
				GCC_WARN_UNUSED_FUNCTION = YES;
				GCC_WARN_UNUSED_VARIABLE = YES;
				LOCALIZATION_PREFERS_STRING_CATALOGS = YES;
				MTL_ENABLE_DEBUG_INFO = NO;
				MTL_FAST_MATH = YES;
				SWIFT_COMPILATION_MODE = wholemodule;
			};
			name = Release;
		};
		BA966FCA2A92DAA700E2CABC /* Debug */ = {
			isa = XCBuildConfiguration;
			buildSettings = {
				ASSETCATALOG_COMPILER_APPICON_NAME = AppIcon;
				ASSETCATALOG_COMPILER_GLOBAL_ACCENT_COLOR_NAME = AccentColor;
				CODE_SIGN_ENTITLEMENTS = IIIFVisionAR/IIIFVisionAR.entitlements;
				CODE_SIGN_STYLE = Automatic;
				CURRENT_PROJECT_VERSION = 1;
				DEVELOPMENT_ASSET_PATHS = "\"IIIFVisionAR/Preview Content\"";
				DEVELOPMENT_TEAM = AZDTL9RMV6;
				ENABLE_HARDENED_RUNTIME = YES;
				ENABLE_PREVIEWS = YES;
				GENERATE_INFOPLIST_FILE = YES;
				INFOPLIST_FILE = IIIFVisionAR/Info.plist;
				"INFOPLIST_KEY_UIApplicationSceneManifest_Generation[sdk=iphoneos*]" = YES;
				"INFOPLIST_KEY_UIApplicationSceneManifest_Generation[sdk=iphonesimulator*]" = YES;
				"INFOPLIST_KEY_UIApplicationSupportsIndirectInputEvents[sdk=iphoneos*]" = YES;
				"INFOPLIST_KEY_UIApplicationSupportsIndirectInputEvents[sdk=iphonesimulator*]" = YES;
				"INFOPLIST_KEY_UILaunchScreen_Generation[sdk=iphoneos*]" = YES;
				"INFOPLIST_KEY_UILaunchScreen_Generation[sdk=iphonesimulator*]" = YES;
				"INFOPLIST_KEY_UIStatusBarStyle[sdk=iphoneos*]" = UIStatusBarStyleDefault;
				"INFOPLIST_KEY_UIStatusBarStyle[sdk=iphonesimulator*]" = UIStatusBarStyleDefault;
				INFOPLIST_KEY_UISupportedInterfaceOrientations_iPad = "UIInterfaceOrientationPortrait UIInterfaceOrientationPortraitUpsideDown UIInterfaceOrientationLandscapeLeft UIInterfaceOrientationLandscapeRight";
				INFOPLIST_KEY_UISupportedInterfaceOrientations_iPhone = "UIInterfaceOrientationPortrait UIInterfaceOrientationLandscapeLeft UIInterfaceOrientationLandscapeRight";
				IPHONEOS_DEPLOYMENT_TARGET = 17.0;
				LD_RUNPATH_SEARCH_PATHS = "@executable_path/Frameworks";
				"LD_RUNPATH_SEARCH_PATHS[sdk=macosx*]" = "@executable_path/../Frameworks";
				MACOSX_DEPLOYMENT_TARGET = 13.5;
				MARKETING_VERSION = 1.0;
				PRODUCT_BUNDLE_IDENTIFIER = com.henry.IIIFVisionAR;
				PRODUCT_NAME = "$(TARGET_NAME)";
				SDKROOT = auto;
				SUPPORTED_PLATFORMS = "iphoneos iphonesimulator macosx xros xrsimulator";
				SUPPORTS_MACCATALYST = NO;
				SWIFT_EMIT_LOC_STRINGS = YES;
				SWIFT_VERSION = 5.0;
				TARGETED_DEVICE_FAMILY = "1,2,7";
			};
			name = Debug;
		};
		BA966FCB2A92DAA700E2CABC /* Release */ = {
			isa = XCBuildConfiguration;
			buildSettings = {
				ASSETCATALOG_COMPILER_APPICON_NAME = AppIcon;
				ASSETCATALOG_COMPILER_GLOBAL_ACCENT_COLOR_NAME = AccentColor;
				CODE_SIGN_ENTITLEMENTS = IIIFVisionAR/IIIFVisionAR.entitlements;
				CODE_SIGN_STYLE = Automatic;
				CURRENT_PROJECT_VERSION = 1;
				DEVELOPMENT_ASSET_PATHS = "\"IIIFVisionAR/Preview Content\"";
				DEVELOPMENT_TEAM = AZDTL9RMV6;
				ENABLE_HARDENED_RUNTIME = YES;
				ENABLE_PREVIEWS = YES;
				GENERATE_INFOPLIST_FILE = YES;
				INFOPLIST_FILE = IIIFVisionAR/Info.plist;
				"INFOPLIST_KEY_UIApplicationSceneManifest_Generation[sdk=iphoneos*]" = YES;
				"INFOPLIST_KEY_UIApplicationSceneManifest_Generation[sdk=iphonesimulator*]" = YES;
				"INFOPLIST_KEY_UIApplicationSupportsIndirectInputEvents[sdk=iphoneos*]" = YES;
				"INFOPLIST_KEY_UIApplicationSupportsIndirectInputEvents[sdk=iphonesimulator*]" = YES;
				"INFOPLIST_KEY_UILaunchScreen_Generation[sdk=iphoneos*]" = YES;
				"INFOPLIST_KEY_UILaunchScreen_Generation[sdk=iphonesimulator*]" = YES;
				"INFOPLIST_KEY_UIStatusBarStyle[sdk=iphoneos*]" = UIStatusBarStyleDefault;
				"INFOPLIST_KEY_UIStatusBarStyle[sdk=iphonesimulator*]" = UIStatusBarStyleDefault;
				INFOPLIST_KEY_UISupportedInterfaceOrientations_iPad = "UIInterfaceOrientationPortrait UIInterfaceOrientationPortraitUpsideDown UIInterfaceOrientationLandscapeLeft UIInterfaceOrientationLandscapeRight";
				INFOPLIST_KEY_UISupportedInterfaceOrientations_iPhone = "UIInterfaceOrientationPortrait UIInterfaceOrientationLandscapeLeft UIInterfaceOrientationLandscapeRight";
				IPHONEOS_DEPLOYMENT_TARGET = 17.0;
				LD_RUNPATH_SEARCH_PATHS = "@executable_path/Frameworks";
				"LD_RUNPATH_SEARCH_PATHS[sdk=macosx*]" = "@executable_path/../Frameworks";
				MACOSX_DEPLOYMENT_TARGET = 13.5;
				MARKETING_VERSION = 1.0;
				PRODUCT_BUNDLE_IDENTIFIER = com.henry.IIIFVisionAR;
				PRODUCT_NAME = "$(TARGET_NAME)";
				SDKROOT = auto;
				SUPPORTED_PLATFORMS = "iphoneos iphonesimulator macosx xros xrsimulator";
				SUPPORTS_MACCATALYST = NO;
				SWIFT_EMIT_LOC_STRINGS = YES;
				SWIFT_VERSION = 5.0;
				TARGETED_DEVICE_FAMILY = "1,2,7";
			};
			name = Release;
		};
/* End XCBuildConfiguration section */

/* Begin XCConfigurationList section */
		BA966FB52A92DAA400E2CABC /* Build configuration list for PBXProject "IIIFVisionAR" */ = {
			isa = XCConfigurationList;
			buildConfigurations = (
				BA966FC72A92DAA700E2CABC /* Debug */,
				BA966FC82A92DAA700E2CABC /* Release */,
			);
			defaultConfigurationIsVisible = 0;
			defaultConfigurationName = Release;
		};
		BA966FC92A92DAA700E2CABC /* Build configuration list for PBXNativeTarget "IIIFVisionAR" */ = {
			isa = XCConfigurationList;
			buildConfigurations = (
				BA966FCA2A92DAA700E2CABC /* Debug */,
				BA966FCB2A92DAA700E2CABC /* Release */,
			);
			defaultConfigurationIsVisible = 0;
			defaultConfigurationName = Release;
		};
/* End XCConfigurationList section */

/* Begin XCSwiftPackageProductDependency section */
		BA7C051C2AABF2890043398D /* IIIFImageEntity */ = {
			isa = XCSwiftPackageProductDependency;
			productName = IIIFImageEntity;
		};
/* End XCSwiftPackageProductDependency section */
	};
	rootObject = BA966FB22A92DAA400E2CABC /* Project object */;
}
